// !$*UTF8*$!
{
	archiveVersion = 1;
	classes = {
	};
	objectVersion = 46;
	objects = {

/* Begin PBXBuildFile section */
		181523B11B6931FB00FAD493 /* NRKMVCLoginViewController.m in Sources */ = {isa = PBXBuildFile; fileRef = 181523B01B6931FB00FAD493 /* NRKMVCLoginViewController.m */; };
		1826EA171B6BC53B00BFD04A /* NRKSimpleVideoPlayerViewController.m in Sources */ = {isa = PBXBuildFile; fileRef = 1826EA161B6BC53B00BFD04A /* NRKSimpleVideoPlayerViewController.m */; };
		183EF1A11B693D9D001EE34C /* NRKFakeLocationLoader.m in Sources */ = {isa = PBXBuildFile; fileRef = 183EF1A01B693D9D001EE34C /* NRKFakeLocationLoader.m */; };
		183EF1A41B693E04001EE34C /* NRKFakeGeocoder.m in Sources */ = {isa = PBXBuildFile; fileRef = 183EF1A31B693E04001EE34C /* NRKFakeGeocoder.m */; };
		183EF1A71B693E67001EE34C /* NRKFakeVideoEncoder.m in Sources */ = {isa = PBXBuildFile; fileRef = 183EF1A61B693E67001EE34C /* NRKFakeVideoEncoder.m */; };
		183EF1AA1B693F6C001EE34C /* NRKFakeVideoUploaderViewModel.m in Sources */ = {isa = PBXBuildFile; fileRef = 183EF1A91B693F6C001EE34C /* NRKFakeVideoUploaderViewModel.m */; };
		183EF1AD1B6940DC001EE34C /* NRKFakeVideoUploader.m in Sources */ = {isa = PBXBuildFile; fileRef = 183EF1AC1B6940DC001EE34C /* NRKFakeVideoUploader.m */; };
		1886E40E1B690C1A000394A4 /* main.m in Sources */ = {isa = PBXBuildFile; fileRef = 1886E40D1B690C1A000394A4 /* main.m */; };
		1886E4111B690C1A000394A4 /* AppDelegate.m in Sources */ = {isa = PBXBuildFile; fileRef = 1886E4101B690C1A000394A4 /* AppDelegate.m */; };
		1886E4141B690C1A000394A4 /* ViewController.m in Sources */ = {isa = PBXBuildFile; fileRef = 1886E4131B690C1A000394A4 /* ViewController.m */; };
		1886E4171B690C1A000394A4 /* Main.storyboard in Resources */ = {isa = PBXBuildFile; fileRef = 1886E4151B690C1A000394A4 /* Main.storyboard */; };
		1886E4191B690C1A000394A4 /* Assets.xcassets in Resources */ = {isa = PBXBuildFile; fileRef = 1886E4181B690C1A000394A4 /* Assets.xcassets */; };
		1886E41C1B690C1A000394A4 /* LaunchScreen.storyboard in Resources */ = {isa = PBXBuildFile; fileRef = 1886E41A1B690C1A000394A4 /* LaunchScreen.storyboard */; };
		1886E4271B690C1A000394A4 /* iOSPlaygroundTests.m in Sources */ = {isa = PBXBuildFile; fileRef = 1886E4261B690C1A000394A4 /* iOSPlaygroundTests.m */; };
		1886E4321B690C1A000394A4 /* iOSPlaygroundUITests.m in Sources */ = {isa = PBXBuildFile; fileRef = 1886E4311B690C1A000394A4 /* iOSPlaygroundUITests.m */; };
		18BC815E1B690FEA00266059 /* NRKLoginViewModel.m in Sources */ = {isa = PBXBuildFile; fileRef = 18BC815D1B690FEA00266059 /* NRKLoginViewModel.m */; };
		18BC81631B69115500266059 /* NRKLoginViewController.m in Sources */ = {isa = PBXBuildFile; fileRef = 18BC81621B69115500266059 /* NRKLoginViewController.m */; };
		18BC81661B6920BA00266059 /* NRKLoginRequester.m in Sources */ = {isa = PBXBuildFile; fileRef = 18BC81651B6920BA00266059 /* NRKLoginRequester.m */; };
		A85B2856E6E8D71DFE3E1CF0 /* libPods-iOSPlayground.a in Frameworks */ = {isa = PBXBuildFile; fileRef = 4A3126C40B31F40B9ACAC871 /* libPods-iOSPlayground.a */; };
/* End PBXBuildFile section */

/* Begin PBXContainerItemProxy section */
		1886E4231B690C1A000394A4 /* PBXContainerItemProxy */ = {
			isa = PBXContainerItemProxy;
			containerPortal = 1886E4011B690C1A000394A4 /* Project object */;
			proxyType = 1;
			remoteGlobalIDString = 1886E4081B690C1A000394A4;
			remoteInfo = iOSPlayground;
		};
		1886E42E1B690C1A000394A4 /* PBXContainerItemProxy */ = {
			isa = PBXContainerItemProxy;
			containerPortal = 1886E4011B690C1A000394A4 /* Project object */;
			proxyType = 1;
			remoteGlobalIDString = 1886E4081B690C1A000394A4;
			remoteInfo = iOSPlayground;
		};
/* End PBXContainerItemProxy section */

/* Begin PBXFileReference section */
		181523AF1B6931FB00FAD493 /* NRKMVCLoginViewController.h */ = {isa = PBXFileReference; fileEncoding = 4; lastKnownFileType = sourcecode.c.h; path = NRKMVCLoginViewController.h; sourceTree = "<group>"; };
		181523B01B6931FB00FAD493 /* NRKMVCLoginViewController.m */ = {isa = PBXFileReference; fileEncoding = 4; lastKnownFileType = sourcecode.c.objc; path = NRKMVCLoginViewController.m; sourceTree = "<group>"; };
		1826EA151B6BC53B00BFD04A /* NRKSimpleVideoPlayerViewController.h */ = {isa = PBXFileReference; fileEncoding = 4; lastKnownFileType = sourcecode.c.h; path = NRKSimpleVideoPlayerViewController.h; sourceTree = "<group>"; };
		1826EA161B6BC53B00BFD04A /* NRKSimpleVideoPlayerViewController.m */ = {isa = PBXFileReference; fileEncoding = 4; lastKnownFileType = sourcecode.c.objc; path = NRKSimpleVideoPlayerViewController.m; sourceTree = "<group>"; };
		183EF19F1B693D9D001EE34C /* NRKFakeLocationLoader.h */ = {isa = PBXFileReference; fileEncoding = 4; lastKnownFileType = sourcecode.c.h; path = NRKFakeLocationLoader.h; sourceTree = "<group>"; };
		183EF1A01B693D9D001EE34C /* NRKFakeLocationLoader.m */ = {isa = PBXFileReference; fileEncoding = 4; lastKnownFileType = sourcecode.c.objc; path = NRKFakeLocationLoader.m; sourceTree = "<group>"; };
		183EF1A21B693E04001EE34C /* NRKFakeGeocoder.h */ = {isa = PBXFileReference; fileEncoding = 4; lastKnownFileType = sourcecode.c.h; path = NRKFakeGeocoder.h; sourceTree = "<group>"; };
		183EF1A31B693E04001EE34C /* NRKFakeGeocoder.m */ = {isa = PBXFileReference; fileEncoding = 4; lastKnownFileType = sourcecode.c.objc; path = NRKFakeGeocoder.m; sourceTree = "<group>"; };
		183EF1A51B693E67001EE34C /* NRKFakeVideoEncoder.h */ = {isa = PBXFileReference; fileEncoding = 4; lastKnownFileType = sourcecode.c.h; path = NRKFakeVideoEncoder.h; sourceTree = "<group>"; };
		183EF1A61B693E67001EE34C /* NRKFakeVideoEncoder.m */ = {isa = PBXFileReference; fileEncoding = 4; lastKnownFileType = sourcecode.c.objc; path = NRKFakeVideoEncoder.m; sourceTree = "<group>"; };
		183EF1A81B693F6C001EE34C /* NRKFakeVideoUploaderViewModel.h */ = {isa = PBXFileReference; fileEncoding = 4; lastKnownFileType = sourcecode.c.h; path = NRKFakeVideoUploaderViewModel.h; sourceTree = "<group>"; };
		183EF1A91B693F6C001EE34C /* NRKFakeVideoUploaderViewModel.m */ = {isa = PBXFileReference; fileEncoding = 4; lastKnownFileType = sourcecode.c.objc; path = NRKFakeVideoUploaderViewModel.m; sourceTree = "<group>"; };
		183EF1AB1B6940DC001EE34C /* NRKFakeVideoUploader.h */ = {isa = PBXFileReference; fileEncoding = 4; lastKnownFileType = sourcecode.c.h; path = NRKFakeVideoUploader.h; sourceTree = "<group>"; };
		183EF1AC1B6940DC001EE34C /* NRKFakeVideoUploader.m */ = {isa = PBXFileReference; fileEncoding = 4; lastKnownFileType = sourcecode.c.objc; path = NRKFakeVideoUploader.m; sourceTree = "<group>"; };
		1886E4091B690C1A000394A4 /* iOSPlayground.app */ = {isa = PBXFileReference; explicitFileType = wrapper.application; includeInIndex = 0; path = iOSPlayground.app; sourceTree = BUILT_PRODUCTS_DIR; };
		1886E40D1B690C1A000394A4 /* main.m */ = {isa = PBXFileReference; lastKnownFileType = sourcecode.c.objc; path = main.m; sourceTree = "<group>"; };
		1886E40F1B690C1A000394A4 /* AppDelegate.h */ = {isa = PBXFileReference; lastKnownFileType = sourcecode.c.h; path = AppDelegate.h; sourceTree = "<group>"; };
		1886E4101B690C1A000394A4 /* AppDelegate.m */ = {isa = PBXFileReference; lastKnownFileType = sourcecode.c.objc; path = AppDelegate.m; sourceTree = "<group>"; };
		1886E4121B690C1A000394A4 /* ViewController.h */ = {isa = PBXFileReference; lastKnownFileType = sourcecode.c.h; path = ViewController.h; sourceTree = "<group>"; };
		1886E4131B690C1A000394A4 /* ViewController.m */ = {isa = PBXFileReference; lastKnownFileType = sourcecode.c.objc; path = ViewController.m; sourceTree = "<group>"; };
		1886E4161B690C1A000394A4 /* Base */ = {isa = PBXFileReference; lastKnownFileType = file.storyboard; name = Base; path = Base.lproj/Main.storyboard; sourceTree = "<group>"; };
		1886E4181B690C1A000394A4 /* Assets.xcassets */ = {isa = PBXFileReference; lastKnownFileType = folder.assetcatalog; path = Assets.xcassets; sourceTree = "<group>"; };
		1886E41B1B690C1A000394A4 /* Base */ = {isa = PBXFileReference; lastKnownFileType = file.storyboard; name = Base; path = Base.lproj/LaunchScreen.storyboard; sourceTree = "<group>"; };
		1886E41D1B690C1A000394A4 /* Info.plist */ = {isa = PBXFileReference; lastKnownFileType = text.plist.xml; path = Info.plist; sourceTree = "<group>"; };
		1886E4221B690C1A000394A4 /* iOSPlaygroundTests.xctest */ = {isa = PBXFileReference; explicitFileType = wrapper.cfbundle; includeInIndex = 0; path = iOSPlaygroundTests.xctest; sourceTree = BUILT_PRODUCTS_DIR; };
		1886E4261B690C1A000394A4 /* iOSPlaygroundTests.m */ = {isa = PBXFileReference; lastKnownFileType = sourcecode.c.objc; path = iOSPlaygroundTests.m; sourceTree = "<group>"; };
		1886E4281B690C1A000394A4 /* Info.plist */ = {isa = PBXFileReference; lastKnownFileType = text.plist.xml; path = Info.plist; sourceTree = "<group>"; };
		1886E42D1B690C1A000394A4 /* iOSPlaygroundUITests.xctest */ = {isa = PBXFileReference; explicitFileType = wrapper.cfbundle; includeInIndex = 0; path = iOSPlaygroundUITests.xctest; sourceTree = BUILT_PRODUCTS_DIR; };
		1886E4311B690C1A000394A4 /* iOSPlaygroundUITests.m */ = {isa = PBXFileReference; lastKnownFileType = sourcecode.c.objc; path = iOSPlaygroundUITests.m; sourceTree = "<group>"; };
		1886E4331B690C1A000394A4 /* Info.plist */ = {isa = PBXFileReference; lastKnownFileType = text.plist.xml; path = Info.plist; sourceTree = "<group>"; };
		18BC815C1B690FEA00266059 /* NRKLoginViewModel.h */ = {isa = PBXFileReference; fileEncoding = 4; lastKnownFileType = sourcecode.c.h; path = NRKLoginViewModel.h; sourceTree = "<group>"; };
		18BC815D1B690FEA00266059 /* NRKLoginViewModel.m */ = {isa = PBXFileReference; fileEncoding = 4; lastKnownFileType = sourcecode.c.objc; path = NRKLoginViewModel.m; sourceTree = "<group>"; };
		18BC81611B69115500266059 /* NRKLoginViewController.h */ = {isa = PBXFileReference; fileEncoding = 4; lastKnownFileType = sourcecode.c.h; path = NRKLoginViewController.h; sourceTree = "<group>"; };
		18BC81621B69115500266059 /* NRKLoginViewController.m */ = {isa = PBXFileReference; fileEncoding = 4; lastKnownFileType = sourcecode.c.objc; path = NRKLoginViewController.m; sourceTree = "<group>"; };
		18BC81641B6920BA00266059 /* NRKLoginRequester.h */ = {isa = PBXFileReference; fileEncoding = 4; lastKnownFileType = sourcecode.c.h; path = NRKLoginRequester.h; sourceTree = "<group>"; };
		18BC81651B6920BA00266059 /* NRKLoginRequester.m */ = {isa = PBXFileReference; fileEncoding = 4; lastKnownFileType = sourcecode.c.objc; path = NRKLoginRequester.m; sourceTree = "<group>"; };
		4A3126C40B31F40B9ACAC871 /* libPods-iOSPlayground.a */ = {isa = PBXFileReference; explicitFileType = archive.ar; includeInIndex = 0; path = "libPods-iOSPlayground.a"; sourceTree = BUILT_PRODUCTS_DIR; };
		D77B008D65673A1D8EDE7E80 /* Pods-iOSPlayground.debug.xcconfig */ = {isa = PBXFileReference; includeInIndex = 1; lastKnownFileType = text.xcconfig; name = "Pods-iOSPlayground.debug.xcconfig"; path = "Pods/Target Support Files/Pods-iOSPlayground/Pods-iOSPlayground.debug.xcconfig"; sourceTree = "<group>"; };
		E8BD9033C6546EAC3F3A1997 /* Pods-iOSPlayground.release.xcconfig */ = {isa = PBXFileReference; includeInIndex = 1; lastKnownFileType = text.xcconfig; name = "Pods-iOSPlayground.release.xcconfig"; path = "Pods/Target Support Files/Pods-iOSPlayground/Pods-iOSPlayground.release.xcconfig"; sourceTree = "<group>"; };
/* End PBXFileReference section */

/* Begin PBXFrameworksBuildPhase section */
		1886E4061B690C1A000394A4 /* Frameworks */ = {
			isa = PBXFrameworksBuildPhase;
			buildActionMask = 2147483647;
			files = (
				A85B2856E6E8D71DFE3E1CF0 /* libPods-iOSPlayground.a in Frameworks */,
			);
			runOnlyForDeploymentPostprocessing = 0;
		};
		1886E41F1B690C1A000394A4 /* Frameworks */ = {
			isa = PBXFrameworksBuildPhase;
			buildActionMask = 2147483647;
			files = (
			);
			runOnlyForDeploymentPostprocessing = 0;
		};
		1886E42A1B690C1A000394A4 /* Frameworks */ = {
			isa = PBXFrameworksBuildPhase;
			buildActionMask = 2147483647;
			files = (
			);
			runOnlyForDeploymentPostprocessing = 0;
		};
/* End PBXFrameworksBuildPhase section */

/* Begin PBXGroup section */
		1826EA141B6BC51800BFD04A /* SimplePlayer */ = {
			isa = PBXGroup;
			children = (
				1826EA151B6BC53B00BFD04A /* NRKSimpleVideoPlayerViewController.h */,
				1826EA161B6BC53B00BFD04A /* NRKSimpleVideoPlayerViewController.m */,
			);
			name = SimplePlayer;
			sourceTree = "<group>";
		};
		183EF19A1B693D13001EE34C /* Location */ = {
			isa = PBXGroup;
			children = (
				183EF19E1B693D4A001EE34C /* Model */,
				183EF19D1B693D42001EE34C /* UI */,
				183EF19C1B693D35001EE34C /* VM */,
			);
			name = Location;
			sourceTree = "<group>";
		};
		183EF19B1B693D1D001EE34C /* MVVMDemo */ = {
			isa = PBXGroup;
			children = (
				183EF19A1B693D13001EE34C /* Location */,
				18BC815B1B690F6F00266059 /* Login */,
			);
			name = MVVMDemo;
			sourceTree = "<group>";
		};
		183EF19C1B693D35001EE34C /* VM */ = {
			isa = PBXGroup;
			children = (
				183EF1A81B693F6C001EE34C /* NRKFakeVideoUploaderViewModel.h */,
				183EF1A91B693F6C001EE34C /* NRKFakeVideoUploaderViewModel.m */,
			);
			name = VM;
			sourceTree = "<group>";
		};
		183EF19D1B693D42001EE34C /* UI */ = {
			isa = PBXGroup;
			children = (
			);
			name = UI;
			sourceTree = "<group>";
		};
		183EF19E1B693D4A001EE34C /* Model */ = {
			isa = PBXGroup;
			children = (
				183EF19F1B693D9D001EE34C /* NRKFakeLocationLoader.h */,
				183EF1A01B693D9D001EE34C /* NRKFakeLocationLoader.m */,
				183EF1A21B693E04001EE34C /* NRKFakeGeocoder.h */,
				183EF1A31B693E04001EE34C /* NRKFakeGeocoder.m */,
				183EF1A51B693E67001EE34C /* NRKFakeVideoEncoder.h */,
				183EF1A61B693E67001EE34C /* NRKFakeVideoEncoder.m */,
				183EF1AB1B6940DC001EE34C /* NRKFakeVideoUploader.h */,
				183EF1AC1B6940DC001EE34C /* NRKFakeVideoUploader.m */,
			);
			name = Model;
			sourceTree = "<group>";
		};
		1886E4001B690C1A000394A4 = {
			isa = PBXGroup;
			children = (
				1886E40B1B690C1A000394A4 /* iOSPlayground */,
				1886E4251B690C1A000394A4 /* iOSPlaygroundTests */,
				1886E4301B690C1A000394A4 /* iOSPlaygroundUITests */,
				1886E40A1B690C1A000394A4 /* Products */,
				822393BBD4208EF4935DEFDA /* Pods */,
				AA390EA59635A82103F154F3 /* Frameworks */,
			);
			sourceTree = "<group>";
		};
		1886E40A1B690C1A000394A4 /* Products */ = {
			isa = PBXGroup;
			children = (
				1886E4091B690C1A000394A4 /* iOSPlayground.app */,
				1886E4221B690C1A000394A4 /* iOSPlaygroundTests.xctest */,
				1886E42D1B690C1A000394A4 /* iOSPlaygroundUITests.xctest */,
			);
			name = Products;
			sourceTree = "<group>";
		};
		1886E40B1B690C1A000394A4 /* iOSPlayground */ = {
			isa = PBXGroup;
			children = (
				1826EA141B6BC51800BFD04A /* SimplePlayer */,
				183EF19B1B693D1D001EE34C /* MVVMDemo */,
				1886E40F1B690C1A000394A4 /* AppDelegate.h */,
				1886E4101B690C1A000394A4 /* AppDelegate.m */,
				1886E4121B690C1A000394A4 /* ViewController.h */,
				1886E4131B690C1A000394A4 /* ViewController.m */,
				1886E4151B690C1A000394A4 /* Main.storyboard */,
				1886E4181B690C1A000394A4 /* Assets.xcassets */,
				1886E41A1B690C1A000394A4 /* LaunchScreen.storyboard */,
				1886E41D1B690C1A000394A4 /* Info.plist */,
				1886E40C1B690C1A000394A4 /* Supporting Files */,
			);
			path = iOSPlayground;
			sourceTree = "<group>";
		};
		1886E40C1B690C1A000394A4 /* Supporting Files */ = {
			isa = PBXGroup;
			children = (
				1886E40D1B690C1A000394A4 /* main.m */,
			);
			name = "Supporting Files";
			sourceTree = "<group>";
		};
		1886E4251B690C1A000394A4 /* iOSPlaygroundTests */ = {
			isa = PBXGroup;
			children = (
				1886E4261B690C1A000394A4 /* iOSPlaygroundTests.m */,
				1886E4281B690C1A000394A4 /* Info.plist */,
			);
			path = iOSPlaygroundTests;
			sourceTree = "<group>";
		};
		1886E4301B690C1A000394A4 /* iOSPlaygroundUITests */ = {
			isa = PBXGroup;
			children = (
				1886E4311B690C1A000394A4 /* iOSPlaygroundUITests.m */,
				1886E4331B690C1A000394A4 /* Info.plist */,
			);
			path = iOSPlaygroundUITests;
			sourceTree = "<group>";
		};
		18BC815B1B690F6F00266059 /* Login */ = {
			isa = PBXGroup;
			children = (
				18BC81671B6920BF00266059 /* Model */,
				18BC81601B690FFE00266059 /* UI */,
				18BC815F1B690FF600266059 /* VM */,
			);
			name = Login;
			sourceTree = "<group>";
		};
		18BC815F1B690FF600266059 /* VM */ = {
			isa = PBXGroup;
			children = (
				18BC815C1B690FEA00266059 /* NRKLoginViewModel.h */,
				18BC815D1B690FEA00266059 /* NRKLoginViewModel.m */,
			);
			name = VM;
			sourceTree = "<group>";
		};
		18BC81601B690FFE00266059 /* UI */ = {
			isa = PBXGroup;
			children = (
				181523AF1B6931FB00FAD493 /* NRKMVCLoginViewController.h */,
				181523B01B6931FB00FAD493 /* NRKMVCLoginViewController.m */,
				18BC81611B69115500266059 /* NRKLoginViewController.h */,
				18BC81621B69115500266059 /* NRKLoginViewController.m */,
			);
			name = UI;
			sourceTree = "<group>";
		};
		18BC81671B6920BF00266059 /* Model */ = {
			isa = PBXGroup;
			children = (
				18BC81641B6920BA00266059 /* NRKLoginRequester.h */,
				18BC81651B6920BA00266059 /* NRKLoginRequester.m */,
			);
			name = Model;
			sourceTree = "<group>";
		};
		822393BBD4208EF4935DEFDA /* Pods */ = {
			isa = PBXGroup;
			children = (
				D77B008D65673A1D8EDE7E80 /* Pods-iOSPlayground.debug.xcconfig */,
				E8BD9033C6546EAC3F3A1997 /* Pods-iOSPlayground.release.xcconfig */,
			);
			name = Pods;
			sourceTree = "<group>";
		};
		AA390EA59635A82103F154F3 /* Frameworks */ = {
			isa = PBXGroup;
			children = (
				4A3126C40B31F40B9ACAC871 /* libPods-iOSPlayground.a */,
			);
			name = Frameworks;
			sourceTree = "<group>";
		};
/* End PBXGroup section */

/* Begin PBXNativeTarget section */
		1886E4081B690C1A000394A4 /* iOSPlayground */ = {
			isa = PBXNativeTarget;
			buildConfigurationList = 1886E4361B690C1A000394A4 /* Build configuration list for PBXNativeTarget "iOSPlayground" */;
			buildPhases = (
				6E1C67F8896DF8F977C7B058 /* Check Pods Manifest.lock */,
				1886E4051B690C1A000394A4 /* Sources */,
				1886E4061B690C1A000394A4 /* Frameworks */,
				1886E4071B690C1A000394A4 /* Resources */,
				611D9DBE7BAEDAF45A1D21DC /* Copy Pods Resources */,
			);
			buildRules = (
			);
			dependencies = (
			);
			name = iOSPlayground;
			productName = iOSPlayground;
			productReference = 1886E4091B690C1A000394A4 /* iOSPlayground.app */;
			productType = "com.apple.product-type.application";
		};
		1886E4211B690C1A000394A4 /* iOSPlaygroundTests */ = {
			isa = PBXNativeTarget;
			buildConfigurationList = 1886E4391B690C1A000394A4 /* Build configuration list for PBXNativeTarget "iOSPlaygroundTests" */;
			buildPhases = (
				1886E41E1B690C1A000394A4 /* Sources */,
				1886E41F1B690C1A000394A4 /* Frameworks */,
				1886E4201B690C1A000394A4 /* Resources */,
			);
			buildRules = (
			);
			dependencies = (
				1886E4241B690C1A000394A4 /* PBXTargetDependency */,
			);
			name = iOSPlaygroundTests;
			productName = iOSPlaygroundTests;
			productReference = 1886E4221B690C1A000394A4 /* iOSPlaygroundTests.xctest */;
			productType = "com.apple.product-type.bundle.unit-test";
		};
		1886E42C1B690C1A000394A4 /* iOSPlaygroundUITests */ = {
			isa = PBXNativeTarget;
			buildConfigurationList = 1886E43C1B690C1A000394A4 /* Build configuration list for PBXNativeTarget "iOSPlaygroundUITests" */;
			buildPhases = (
				1886E4291B690C1A000394A4 /* Sources */,
				1886E42A1B690C1A000394A4 /* Frameworks */,
				1886E42B1B690C1A000394A4 /* Resources */,
			);
			buildRules = (
			);
			dependencies = (
				1886E42F1B690C1A000394A4 /* PBXTargetDependency */,
			);
			name = iOSPlaygroundUITests;
			productName = iOSPlaygroundUITests;
			productReference = 1886E42D1B690C1A000394A4 /* iOSPlaygroundUITests.xctest */;
			productType = "com.apple.product-type.bundle.ui-testing";
		};
/* End PBXNativeTarget section */

/* Begin PBXProject section */
		1886E4011B690C1A000394A4 /* Project object */ = {
			isa = PBXProject;
			attributes = {
				LastUpgradeCheck = 0700;
				ORGANIZATIONNAME = noark;
				TargetAttributes = {
					1886E4081B690C1A000394A4 = {
						CreatedOnToolsVersion = 7.0;
					};
					1886E4211B690C1A000394A4 = {
						CreatedOnToolsVersion = 7.0;
						TestTargetID = 1886E4081B690C1A000394A4;
					};
					1886E42C1B690C1A000394A4 = {
						CreatedOnToolsVersion = 7.0;
						TestTargetID = 1886E4081B690C1A000394A4;
					};
				};
			};
			buildConfigurationList = 1886E4041B690C1A000394A4 /* Build configuration list for PBXProject "iOSPlayground" */;
			compatibilityVersion = "Xcode 3.2";
			developmentRegion = English;
			hasScannedForEncodings = 0;
			knownRegions = (
				en,
				Base,
			);
			mainGroup = 1886E4001B690C1A000394A4;
			productRefGroup = 1886E40A1B690C1A000394A4 /* Products */;
			projectDirPath = "";
			projectRoot = "";
			targets = (
				1886E4081B690C1A000394A4 /* iOSPlayground */,
				1886E4211B690C1A000394A4 /* iOSPlaygroundTests */,
				1886E42C1B690C1A000394A4 /* iOSPlaygroundUITests */,
			);
		};
/* End PBXProject section */

/* Begin PBXResourcesBuildPhase section */
		1886E4071B690C1A000394A4 /* Resources */ = {
			isa = PBXResourcesBuildPhase;
			buildActionMask = 2147483647;
			files = (
				1886E41C1B690C1A000394A4 /* LaunchScreen.storyboard in Resources */,
				1886E4191B690C1A000394A4 /* Assets.xcassets in Resources */,
				1886E4171B690C1A000394A4 /* Main.storyboard in Resources */,
			);
			runOnlyForDeploymentPostprocessing = 0;
		};
		1886E4201B690C1A000394A4 /* Resources */ = {
			isa = PBXResourcesBuildPhase;
			buildActionMask = 2147483647;
			files = (
			);
			runOnlyForDeploymentPostprocessing = 0;
		};
		1886E42B1B690C1A000394A4 /* Resources */ = {
			isa = PBXResourcesBuildPhase;
			buildActionMask = 2147483647;
			files = (
			);
			runOnlyForDeploymentPostprocessing = 0;
		};
/* End PBXResourcesBuildPhase section */

/* Begin PBXShellScriptBuildPhase section */
		611D9DBE7BAEDAF45A1D21DC /* Copy Pods Resources */ = {
			isa = PBXShellScriptBuildPhase;
			buildActionMask = 2147483647;
			files = (
			);
			inputPaths = (
			);
			name = "Copy Pods Resources";
			outputPaths = (
			);
			runOnlyForDeploymentPostprocessing = 0;
			shellPath = /bin/sh;
			shellScript = "\"${SRCROOT}/Pods/Target Support Files/Pods-iOSPlayground/Pods-iOSPlayground-resources.sh\"\n";
			showEnvVarsInLog = 0;
		};
		6E1C67F8896DF8F977C7B058 /* Check Pods Manifest.lock */ = {
			isa = PBXShellScriptBuildPhase;
			buildActionMask = 2147483647;
			files = (
			);
			inputPaths = (
			);
			name = "Check Pods Manifest.lock";
			outputPaths = (
			);
			runOnlyForDeploymentPostprocessing = 0;
			shellPath = /bin/sh;
			shellScript = "diff \"${PODS_ROOT}/../Podfile.lock\" \"${PODS_ROOT}/Manifest.lock\" > /dev/null\nif [[ $? != 0 ]] ; then\n    cat << EOM\nerror: The sandbox is not in sync with the Podfile.lock. Run 'pod install' or update your CocoaPods installation.\nEOM\n    exit 1\nfi\n";
			showEnvVarsInLog = 0;
		};
/* End PBXShellScriptBuildPhase section */

/* Begin PBXSourcesBuildPhase section */
		1886E4051B690C1A000394A4 /* Sources */ = {
			isa = PBXSourcesBuildPhase;
			buildActionMask = 2147483647;
			files = (
				1886E4141B690C1A000394A4 /* ViewController.m in Sources */,
				181523B11B6931FB00FAD493 /* NRKMVCLoginViewController.m in Sources */,
				1826EA171B6BC53B00BFD04A /* NRKSimpleVideoPlayerViewController.m in Sources */,
				183EF1AD1B6940DC001EE34C /* NRKFakeVideoUploader.m in Sources */,
				183EF1A41B693E04001EE34C /* NRKFakeGeocoder.m in Sources */,
				183EF1AA1B693F6C001EE34C /* NRKFakeVideoUploaderViewModel.m in Sources */,
				1886E4111B690C1A000394A4 /* AppDelegate.m in Sources */,
				18BC81661B6920BA00266059 /* NRKLoginRequester.m in Sources */,
				183EF1A71B693E67001EE34C /* NRKFakeVideoEncoder.m in Sources */,
				183EF1A11B693D9D001EE34C /* NRKFakeLocationLoader.m in Sources */,
				18BC81631B69115500266059 /* NRKLoginViewController.m in Sources */,
				18BC815E1B690FEA00266059 /* NRKLoginViewModel.m in Sources */,
				1886E40E1B690C1A000394A4 /* main.m in Sources */,
			);
			runOnlyForDeploymentPostprocessing = 0;
		};
		1886E41E1B690C1A000394A4 /* Sources */ = {
			isa = PBXSourcesBuildPhase;
			buildActionMask = 2147483647;
			files = (
				1886E4271B690C1A000394A4 /* iOSPlaygroundTests.m in Sources */,
			);
			runOnlyForDeploymentPostprocessing = 0;
		};
		1886E4291B690C1A000394A4 /* Sources */ = {
			isa = PBXSourcesBuildPhase;
			buildActionMask = 2147483647;
			files = (
				1886E4321B690C1A000394A4 /* iOSPlaygroundUITests.m in Sources */,
			);
			runOnlyForDeploymentPostprocessing = 0;
		};
/* End PBXSourcesBuildPhase section */

/* Begin PBXTargetDependency section */
		1886E4241B690C1A000394A4 /* PBXTargetDependency */ = {
			isa = PBXTargetDependency;
			target = 1886E4081B690C1A000394A4 /* iOSPlayground */;
			targetProxy = 1886E4231B690C1A000394A4 /* PBXContainerItemProxy */;
		};
		1886E42F1B690C1A000394A4 /* PBXTargetDependency */ = {
			isa = PBXTargetDependency;
			target = 1886E4081B690C1A000394A4 /* iOSPlayground */;
			targetProxy = 1886E42E1B690C1A000394A4 /* PBXContainerItemProxy */;
		};
/* End PBXTargetDependency section */

/* Begin PBXVariantGroup section */
		1886E4151B690C1A000394A4 /* Main.storyboard */ = {
			isa = PBXVariantGroup;
			children = (
				1886E4161B690C1A000394A4 /* Base */,
			);
			name = Main.storyboard;
			sourceTree = "<group>";
		};
		1886E41A1B690C1A000394A4 /* LaunchScreen.storyboard */ = {
			isa = PBXVariantGroup;
			children = (
				1886E41B1B690C1A000394A4 /* Base */,
			);
			name = LaunchScreen.storyboard;
			sourceTree = "<group>";
		};
/* End PBXVariantGroup section */

/* Begin XCBuildConfiguration section */
		1886E4341B690C1A000394A4 /* Debug */ = {
			isa = XCBuildConfiguration;
			buildSettings = {
				ALWAYS_SEARCH_USER_PATHS = NO;
				CLANG_CXX_LANGUAGE_STANDARD = "gnu++0x";
				CLANG_CXX_LIBRARY = "libc++";
				CLANG_ENABLE_MODULES = YES;
				CLANG_ENABLE_OBJC_ARC = YES;
				CLANG_WARN_BOOL_CONVERSION = YES;
				CLANG_WARN_CONSTANT_CONVERSION = YES;
				CLANG_WARN_DIRECT_OBJC_ISA_USAGE = YES_ERROR;
				CLANG_WARN_EMPTY_BODY = YES;
				CLANG_WARN_ENUM_CONVERSION = YES;
				CLANG_WARN_INT_CONVERSION = YES;
				CLANG_WARN_OBJC_ROOT_CLASS = YES_ERROR;
				CLANG_WARN_UNREACHABLE_CODE = YES;
				CLANG_WARN__DUPLICATE_METHOD_MATCH = YES;
				"CODE_SIGN_IDENTITY[sdk=iphoneos*]" = "iPhone Developer";
				COPY_PHASE_STRIP = NO;
				DEBUG_INFORMATION_FORMAT = dwarf;
				ENABLE_STRICT_OBJC_MSGSEND = YES;
				ENABLE_TESTABILITY = YES;
				GCC_C_LANGUAGE_STANDARD = gnu99;
				GCC_DYNAMIC_NO_PIC = NO;
				GCC_NO_COMMON_BLOCKS = YES;
				GCC_OPTIMIZATION_LEVEL = 0;
				GCC_PREPROCESSOR_DEFINITIONS = (
					"DEBUG=1",
					"$(inherited)",
				);
				GCC_WARN_64_TO_32_BIT_CONVERSION = YES;
				GCC_WARN_ABOUT_RETURN_TYPE = YES_ERROR;
				GCC_WARN_UNDECLARED_SELECTOR = YES;
				GCC_WARN_UNINITIALIZED_AUTOS = YES_AGGRESSIVE;
				GCC_WARN_UNUSED_FUNCTION = YES;
				GCC_WARN_UNUSED_VARIABLE = YES;
				IPHONEOS_DEPLOYMENT_TARGET = 9.0;
				MTL_ENABLE_DEBUG_INFO = YES;
				ONLY_ACTIVE_ARCH = YES;
				SDKROOT = iphoneos;
			};
			name = Debug;
		};
		1886E4351B690C1A000394A4 /* Release */ = {
			isa = XCBuildConfiguration;
			buildSettings = {
				ALWAYS_SEARCH_USER_PATHS = NO;
				CLANG_CXX_LANGUAGE_STANDARD = "gnu++0x";
				CLANG_CXX_LIBRARY = "libc++";
				CLANG_ENABLE_MODULES = YES;
				CLANG_ENABLE_OBJC_ARC = YES;
				CLANG_WARN_BOOL_CONVERSION = YES;
				CLANG_WARN_CONSTANT_CONVERSION = YES;
				CLANG_WARN_DIRECT_OBJC_ISA_USAGE = YES_ERROR;
				CLANG_WARN_EMPTY_BODY = YES;
				CLANG_WARN_ENUM_CONVERSION = YES;
				CLANG_WARN_INT_CONVERSION = YES;
				CLANG_WARN_OBJC_ROOT_CLASS = YES_ERROR;
				CLANG_WARN_UNREACHABLE_CODE = YES;
				CLANG_WARN__DUPLICATE_METHOD_MATCH = YES;
				"CODE_SIGN_IDENTITY[sdk=iphoneos*]" = "iPhone Developer";
				COPY_PHASE_STRIP = NO;
				DEBUG_INFORMATION_FORMAT = "dwarf-with-dsym";
				ENABLE_NS_ASSERTIONS = NO;
				ENABLE_STRICT_OBJC_MSGSEND = YES;
				GCC_C_LANGUAGE_STANDARD = gnu99;
				GCC_NO_COMMON_BLOCKS = YES;
				GCC_WARN_64_TO_32_BIT_CONVERSION = YES;
				GCC_WARN_ABOUT_RETURN_TYPE = YES_ERROR;
				GCC_WARN_UNDECLARED_SELECTOR = YES;
				GCC_WARN_UNINITIALIZED_AUTOS = YES_AGGRESSIVE;
				GCC_WARN_UNUSED_FUNCTION = YES;
				GCC_WARN_UNUSED_VARIABLE = YES;
				IPHONEOS_DEPLOYMENT_TARGET = 9.0;
				MTL_ENABLE_DEBUG_INFO = NO;
				SDKROOT = iphoneos;
				VALIDATE_PRODUCT = YES;
			};
			name = Release;
		};
		1886E4371B690C1A000394A4 /* Debug */ = {
			isa = XCBuildConfiguration;
			baseConfigurationReference = D77B008D65673A1D8EDE7E80 /* Pods-iOSPlayground.debug.xcconfig */;
			buildSettings = {
				ASSETCATALOG_COMPILER_APPICON_NAME = AppIcon;
				INFOPLIST_FILE = iOSPlayground/Info.plist;
				LD_RUNPATH_SEARCH_PATHS = "$(inherited) @executable_path/Frameworks";
				PRODUCT_BUNDLE_IDENTIFIER = com.afk.iOSPlayground;
				PRODUCT_NAME = "$(TARGET_NAME)";
			};
			name = Debug;
		};
		1886E4381B690C1A000394A4 /* Release */ = {
			isa = XCBuildConfiguration;
			baseConfigurationReference = E8BD9033C6546EAC3F3A1997 /* Pods-iOSPlayground.release.xcconfig */;
			buildSettings = {
				ASSETCATALOG_COMPILER_APPICON_NAME = AppIcon;
				INFOPLIST_FILE = iOSPlayground/Info.plist;
				LD_RUNPATH_SEARCH_PATHS = "$(inherited) @executable_path/Frameworks";
				PRODUCT_BUNDLE_IDENTIFIER = com.afk.iOSPlayground;
				PRODUCT_NAME = "$(TARGET_NAME)";
			};
			name = Release;
		};
		1886E43A1B690C1A000394A4 /* Debug */ = {
			isa = XCBuildConfiguration;
			buildSettings = {
				BUNDLE_LOADER = "$(TEST_HOST)";
				INFOPLIST_FILE = iOSPlaygroundTests/Info.plist;
				LD_RUNPATH_SEARCH_PATHS = "$(inherited) @executable_path/Frameworks @loader_path/Frameworks";
				PRODUCT_BUNDLE_IDENTIFIER = com.afk.iOSPlaygroundTests;
				PRODUCT_NAME = "$(TARGET_NAME)";
				TEST_HOST = "$(BUILT_PRODUCTS_DIR)/iOSPlayground.app/iOSPlayground";
			};
			name = Debug;
		};
		1886E43B1B690C1A000394A4 /* Release */ = {
			isa = XCBuildConfiguration;
			buildSettings = {
				BUNDLE_LOADER = "$(TEST_HOST)";
				INFOPLIST_FILE = iOSPlaygroundTests/Info.plist;
				LD_RUNPATH_SEARCH_PATHS = "$(inherited) @executable_path/Frameworks @loader_path/Frameworks";
				PRODUCT_BUNDLE_IDENTIFIER = com.afk.iOSPlaygroundTests;
				PRODUCT_NAME = "$(TARGET_NAME)";
				TEST_HOST = "$(BUILT_PRODUCTS_DIR)/iOSPlayground.app/iOSPlayground";
			};
			name = Release;
		};
		1886E43D1B690C1A000394A4 /* Debug */ = {
			isa = XCBuildConfiguration;
			buildSettings = {
				INFOPLIST_FILE = iOSPlaygroundUITests/Info.plist;
				LD_RUNPATH_SEARCH_PATHS = "$(inherited) @executable_path/Frameworks @loader_path/Frameworks";
				PRODUCT_BUNDLE_IDENTIFIER = com.afk.iOSPlaygroundUITests;
				PRODUCT_NAME = "$(TARGET_NAME)";
				TEST_TARGET_NAME = iOSPlayground;
				USES_XCTRUNNER = YES;
			};
			name = Debug;
		};
		1886E43E1B690C1A000394A4 /* Release */ = {
			isa = XCBuildConfiguration;
			buildSettings = {
				INFOPLIST_FILE = iOSPlaygroundUITests/Info.plist;
				LD_RUNPATH_SEARCH_PATHS = "$(inherited) @executable_path/Frameworks @loader_path/Frameworks";
				PRODUCT_BUNDLE_IDENTIFIER = com.afk.iOSPlaygroundUITests;
				PRODUCT_NAME = "$(TARGET_NAME)";
				TEST_TARGET_NAME = iOSPlayground;
				USES_XCTRUNNER = YES;
			};
			name = Release;
		};
/* End XCBuildConfiguration section */

/* Begin XCConfigurationList section */
		1886E4041B690C1A000394A4 /* Build configuration list for PBXProject "iOSPlayground" */ = {
			isa = XCConfigurationList;
			buildConfigurations = (
				1886E4341B690C1A000394A4 /* Debug */,
				1886E4351B690C1A000394A4 /* Release */,
			);
			defaultConfigurationIsVisible = 0;
			defaultConfigurationName = Release;
		};
		1886E4361B690C1A000394A4 /* Build configuration list for PBXNativeTarget "iOSPlayground" */ = {
			isa = XCConfigurationList;
			buildConfigurations = (
				1886E4371B690C1A000394A4 /* Debug */,
				1886E4381B690C1A000394A4 /* Release */,
			);
			defaultConfigurationIsVisible = 0;
			defaultConfigurationName = Release;
		};
		1886E4391B690C1A000394A4 /* Build configuration list for PBXNativeTarget "iOSPlaygroundTests" */ = {
			isa = XCConfigurationList;
			buildConfigurations = (
				1886E43A1B690C1A000394A4 /* Debug */,
				1886E43B1B690C1A000394A4 /* Release */,
			);
			defaultConfigurationIsVisible = 0;
			defaultConfigurationName = Release;
		};
		1886E43C1B690C1A000394A4 /* Build configuration list for PBXNativeTarget "iOSPlaygroundUITests" */ = {
			isa = XCConfigurationList;
			buildConfigurations = (
				1886E43D1B690C1A000394A4 /* Debug */,
				1886E43E1B690C1A000394A4 /* Release */,
			);
			defaultConfigurationIsVisible = 0;
			defaultConfigurationName = Release;
		};
/* End XCConfigurationList section */
	};
	rootObject = 1886E4011B690C1A000394A4 /* Project object */;
}
